<?xml version="1.0" encoding="utf-8"?>
<Project ToolsVersion="4.0" xmlns="http://schemas.microsoft.com/developer/msbuild/2003">
  <ItemGroup>
    <Filter Include="Source Files">
      <UniqueIdentifier>{4FC737F1-C7A5-4376-A066-2A32D752A2FF}</UniqueIdentifier>
      <Extensions>cpp;c;cc;cxx;def;odl;idl;hpj;bat;asm;asmx</Extensions>
    </Filter>
    <Filter Include="Header Files">
      <UniqueIdentifier>{93995380-89BD-4b04-88EB-625FBE52EBFB}</UniqueIdentifier>
      <Extensions>h;hh;hpp;hxx;hm;inl;inc;xsd</Extensions>
    </Filter>
    <Filter Include="Resource Files">
      <UniqueIdentifier>{67DA6AB6-F800-4c08-8B7A-83BB121AAD01}</UniqueIdentifier>
      <Extensions>rc;ico;cur;bmp;dlg;rc2;rct;bin;rgs;gif;jpg;jpeg;jpe;resx;tiff;tif;png;wav;mfcribbon-ms</Extensions>
    </Filter>
    <Filter Include="Shader Files">
      <UniqueIdentifier>{2a783298-1028-4f30-87cd-b5b40060a3cf}</UniqueIdentifier>
      <Extensions>glsl;vs;fs;</Extensions>
    </Filter>
    <Filter Include="Header Files\engine">
      <UniqueIdentifier>{b849fcb8-c239-46c7-9171-603af78d4b05}</UniqueIdentifier>
    </Filter>
    <Filter Include="Source Files\engine">
      <UniqueIdentifier>{8ad484c1-ab63-441f-b5bd-3149763f9498}</UniqueIdentifier>
    </Filter>
    <Filter Include="Header Files\game">
      <UniqueIdentifier>{5450cd3b-75c5-4a35-888a-d36b53ab559d}</UniqueIdentifier>
    </Filter>
    <Filter Include="Header Files\program">
      <UniqueIdentifier>{dffedae0-18ec-4ec6-a103-52476b37c607}</UniqueIdentifier>
    </Filter>
    <Filter Include="Source Files\game">
      <UniqueIdentifier>{561415f6-a1e8-4504-a1b6-08eae206f185}</UniqueIdentifier>
    </Filter>
    <Filter Include="Source Files\program">
      <UniqueIdentifier>{52e67895-7985-4db6-a329-399a5379086e}</UniqueIdentifier>
    </Filter>
  </ItemGroup>
  <ItemGroup>
    <ClInclude Include="collisions.hpp">
      <Filter>Header Files\engine</Filter>
    </ClInclude>
    <ClInclude Include="error.hpp">
      <Filter>Header Files\engine</Filter>
    </ClInclude>
    <ClInclude Include="forward_declaration.hpp">
      <Filter>Header Files\engine</Filter>
    </ClInclude>
    <ClInclude Include="game.hpp">
      <Filter>Header Files\engine</Filter>
    </ClInclude>
    <ClInclude Include="game_actor.hpp">
      <Filter>Header Files\engine</Filter>
    </ClInclude>
    <ClInclude Include="no_silly_warnings.hpp">
      <Filter>Header Files\engine</Filter>
    </ClInclude>
    <ClInclude Include="render_helper.hpp">
      <Filter>Header Files\engine</Filter>
    </ClInclude>
    <ClInclude Include="transform.hpp">
      <Filter>Header Files\engine</Filter>
    </ClInclude>
    <ClInclude Include="utils.hpp">
      <Filter>Header Files\engine</Filter>
    </ClInclude>
    <ClInclude Include="window.hpp">
      <Filter>Header Files\engine</Filter>
    </ClInclude>
    <ClInclude Include="wireframe_tds.hpp">
      <Filter>Header Files\engine</Filter>
    </ClInclude>
    <ClInclude Include="main.hpp">
      <Filter>Header Files\program</Filter>
    </ClInclude>
    <ClInclude Include="player_ship.hpp">
      <Filter>Header Files\game</Filter>
    </ClInclude>
    <ClInclude Include="input_manager.hpp">
      <Filter>Header Files\engine</Filter>
    </ClInclude>
    <ClInclude Include="small_stage.hpp">
      <Filter>Header Files\game</Filter>
    </ClInclude>
    <ClInclude Include="bullet.hpp">
      <Filter>Header Files\game</Filter>
    </ClInclude>
  </ItemGroup>
  <ItemGroup>
    <ClCompile Include="collisions.cpp">
      <Filter>Source Files\engine</Filter>
    </ClCompile>
    <ClCompile Include="error.cpp">
      <Filter>Source Files\engine</Filter>
    </ClCompile>
    <ClCompile Include="game.cpp">
      <Filter>Source Files\engine</Filter>
    </ClCompile>
    <ClCompile Include="render_helper.cpp">
      <Filter>Source Files\engine</Filter>
    </ClCompile>
    <ClCompile Include="transform.cpp">
      <Filter>Source Files\engine</Filter>
    </ClCompile>
    <ClCompile Include="utils.cpp">
      <Filter>Source Files\engine</Filter>
    </ClCompile>
    <ClCompile Include="window.cpp">
      <Filter>Source Files\engine</Filter>
    </ClCompile>
    <ClCompile Include="main.cpp">
      <Filter>Source Files\program</Filter>
    </ClCompile>
    <ClCompile Include="input_manager.cpp">
      <Filter>Source Files\engine</Filter>
    </ClCompile>
    <ClCompile Include="player_ship.cpp">
      <Filter>Source Files\game</Filter>
    </ClCompile>
    <ClCompile Include="small_stage.cpp">
      <Filter>Source Files\game</Filter>
    </ClCompile>
    <ClCompile Include="bullet.cpp">
      <Filter>Source Files\game</Filter>
    </ClCompile>
  </ItemGroup>
  <ItemGroup>
    <None Include="..\Debug\shaders\color_line_fs_120.glsl">
      <Filter>Shader Files</Filter>
    </None>
    <None Include="..\Debug\shaders\color_line_vs_120.glsl">
      <Filter>Shader Files</Filter>
    </None>
  </ItemGroup>
</Project>